
Microsoft Visual Studio Solution File, Format Version 12.00
# Visual Studio Version 16
VisualStudioVersion = 16.0.31410.357
MinimumVisualStudioVersion = 10.0.40219.1
Project("{2150E333-8FDC-42A3-9474-1A3956D46DE8}") = "Creational", "Creational", "{00A010B1-7BBA-4FD3-95B6-B658DDE78E4A}"
EndProject
Project("{9A19103F-16F7-4668-BE54-9A1E7A4F7556}") = "AbstractFactory", "Creational\AbstractFactory\AbstractFactory.csproj", "{56B1B0A3-972B-49ED-8C61-8F206B32B809}"
EndProject
Project("{9A19103F-16F7-4668-BE54-9A1E7A4F7556}") = "Builder", "Creational\Builder\Builder.csproj", "{24C1AC47-0A6B-4426-A410-62C25809C22D}"
EndProject
Project("{9A19103F-16F7-4668-BE54-9A1E7A4F7556}") = "FactoryMethod", "Creational\FactoryMethod\FactoryMethod.csproj", "{A536B77B-2873-4293-859C-21841E1B1B6C}"
EndProject
Project("{2150E333-8FDC-42A3-9474-1A3956D46DE8}") = "Structural", "Structural", "{946D59FA-F3BD-45D5-9891-EAF4CCEC3FEF}"
EndProject
Project("{9A19103F-16F7-4668-BE54-9A1E7A4F7556}") = "Adapter", "Structural\Adapter\Adapter.csproj", "{56E4FA19-A933-448E-8EAF-188FF8D1FB61}"
EndProject
Project("{FAE04EC0-301F-11D3-BF4B-00C04F79EFBC}") = "Bridge", "Structural\Bridge\Bridge.csproj", "{8D7B820D-3411-4500-9B05-A6688BB9BD86}"
EndProject
Global
	GlobalSection(SolutionConfigurationPlatforms) = preSolution
		Debug|Any CPU = Debug|Any CPU
		Release|Any CPU = Release|Any CPU
	EndGlobalSection
	GlobalSection(ProjectConfigurationPlatforms) = postSolution
		{56B1B0A3-972B-49ED-8C61-8F206B32B809}.Debug|Any CPU.ActiveCfg = Debug|Any CPU
		{56B1B0A3-972B-49ED-8C61-8F206B32B809}.Debug|Any CPU.Build.0 = Debug|Any CPU
		{56B1B0A3-972B-49ED-8C61-8F206B32B809}.Release|Any CPU.ActiveCfg = Release|Any CPU
		{56B1B0A3-972B-49ED-8C61-8F206B32B809}.Release|Any CPU.Build.0 = Release|Any CPU
		{24C1AC47-0A6B-4426-A410-62C25809C22D}.Debug|Any CPU.ActiveCfg = Debug|Any CPU
		{24C1AC47-0A6B-4426-A410-62C25809C22D}.Debug|Any CPU.Build.0 = Debug|Any CPU
		{24C1AC47-0A6B-4426-A410-62C25809C22D}.Release|Any CPU.ActiveCfg = Release|Any CPU
		{24C1AC47-0A6B-4426-A410-62C25809C22D}.Release|Any CPU.Build.0 = Release|Any CPU
		{A536B77B-2873-4293-859C-21841E1B1B6C}.Debug|Any CPU.ActiveCfg = Debug|Any CPU
		{A536B77B-2873-4293-859C-21841E1B1B6C}.Debug|Any CPU.Build.0 = Debug|Any CPU
		{A536B77B-2873-4293-859C-21841E1B1B6C}.Release|Any CPU.ActiveCfg = Release|Any CPU
		{A536B77B-2873-4293-859C-21841E1B1B6C}.Release|Any CPU.Build.0 = Release|Any CPU
		{56E4FA19-A933-448E-8EAF-188FF8D1FB61}.Debug|Any CPU.ActiveCfg = Debug|Any CPU
		{56E4FA19-A933-448E-8EAF-188FF8D1FB61}.Debug|Any CPU.Build.0 = Debug|Any CPU
		{56E4FA19-A933-448E-8EAF-188FF8D1FB61}.Release|Any CPU.ActiveCfg = Release|Any CPU
		{56E4FA19-A933-448E-8EAF-188FF8D1FB61}.Release|Any CPU.Build.0 = Release|Any CPU
		{8D7B820D-3411-4500-9B05-A6688BB9BD86}.Debug|Any CPU.ActiveCfg = Debug|Any CPU
		{8D7B820D-3411-4500-9B05-A6688BB9BD86}.Debug|Any CPU.Build.0 = Debug|Any CPU
		{8D7B820D-3411-4500-9B05-A6688BB9BD86}.Release|Any CPU.ActiveCfg = Release|Any CPU
		{8D7B820D-3411-4500-9B05-A6688BB9BD86}.Release|Any CPU.Build.0 = Release|Any CPU
	EndGlobalSection
	GlobalSection(SolutionProperties) = preSolution
		HideSolutionNode = FALSE
	EndGlobalSection
	GlobalSection(NestedProjects) = preSolution
		{56B1B0A3-972B-49ED-8C61-8F206B32B809} = {00A010B1-7BBA-4FD3-95B6-B658DDE78E4A}
		{24C1AC47-0A6B-4426-A410-62C25809C22D} = {00A010B1-7BBA-4FD3-95B6-B658DDE78E4A}
		{A536B77B-2873-4293-859C-21841E1B1B6C} = {00A010B1-7BBA-4FD3-95B6-B658DDE78E4A}
		{56E4FA19-A933-448E-8EAF-188FF8D1FB61} = {946D59FA-F3BD-45D5-9891-EAF4CCEC3FEF}
		{8D7B820D-3411-4500-9B05-A6688BB9BD86} = {946D59FA-F3BD-45D5-9891-EAF4CCEC3FEF}
	EndGlobalSection
	GlobalSection(ExtensibilityGlobals) = postSolution
		SolutionGuid = {EDF8971C-FA90-42F3-9FBC-0CFDA81F10FF}
	EndGlobalSection
EndGlobal
