
Microsoft Visual Studio Solution File, Format Version 12.00
# Visual Studio Version 16
VisualStudioVersion = 16.0.31410.357
MinimumVisualStudioVersion = 10.0.40219.1
Project("{9A19103F-16F7-4668-BE54-9A1E7A4F7556}") = "FactoryMethod", "FactoryMethod\FactoryMethod.csproj", "{68BC5C00-4172-49DB-BAD7-9929BFDB6D42}"
EndProject
Project("{9A19103F-16F7-4668-BE54-9A1E7A4F7556}") = "AbstractFactory", "AbstractFactory\AbstractFactory.csproj", "{8D0E71D3-BF57-4245-BF40-7747A0399A37}"
EndProject
Project("{FAE04EC0-301F-11D3-BF4B-00C04F79EFBC}") = "Builder", "Builder\Builder.csproj", "{D18DC99A-0ABD-43A0-9E52-24ED967F7D0F}"
EndProject
Global
	GlobalSection(SolutionConfigurationPlatforms) = preSolution
		Debug|Any CPU = Debug|Any CPU
		Release|Any CPU = Release|Any CPU
	EndGlobalSection
	GlobalSection(ProjectConfigurationPlatforms) = postSolution
		{68BC5C00-4172-49DB-BAD7-9929BFDB6D42}.Debug|Any CPU.ActiveCfg = Debug|Any CPU
		{68BC5C00-4172-49DB-BAD7-9929BFDB6D42}.Debug|Any CPU.Build.0 = Debug|Any CPU
		{68BC5C00-4172-49DB-BAD7-9929BFDB6D42}.Release|Any CPU.ActiveCfg = Release|Any CPU
		{68BC5C00-4172-49DB-BAD7-9929BFDB6D42}.Release|Any CPU.Build.0 = Release|Any CPU
		{8D0E71D3-BF57-4245-BF40-7747A0399A37}.Debug|Any CPU.ActiveCfg = Debug|Any CPU
		{8D0E71D3-BF57-4245-BF40-7747A0399A37}.Debug|Any CPU.Build.0 = Debug|Any CPU
		{8D0E71D3-BF57-4245-BF40-7747A0399A37}.Release|Any CPU.ActiveCfg = Release|Any CPU
		{8D0E71D3-BF57-4245-BF40-7747A0399A37}.Release|Any CPU.Build.0 = Release|Any CPU
		{D18DC99A-0ABD-43A0-9E52-24ED967F7D0F}.Debug|Any CPU.ActiveCfg = Debug|Any CPU
		{D18DC99A-0ABD-43A0-9E52-24ED967F7D0F}.Debug|Any CPU.Build.0 = Debug|Any CPU
		{D18DC99A-0ABD-43A0-9E52-24ED967F7D0F}.Release|Any CPU.ActiveCfg = Release|Any CPU
		{D18DC99A-0ABD-43A0-9E52-24ED967F7D0F}.Release|Any CPU.Build.0 = Release|Any CPU
	EndGlobalSection
	GlobalSection(SolutionProperties) = preSolution
		HideSolutionNode = FALSE
	EndGlobalSection
	GlobalSection(ExtensibilityGlobals) = postSolution
		SolutionGuid = {EDF8971C-FA90-42F3-9FBC-0CFDA81F10FF}
	EndGlobalSection
EndGlobal
